// !$*UTF8*$!
{
	archiveVersion = 1;
	classes = {
	};
	objectVersion = 56;
	objects = {

/* Begin PBXBuildFile section */
		542367352C8A24F200B017D1 /* CounterFeatureTests.swift in Sources */ = {isa = PBXBuildFile; fileRef = 542367342C8A24F200B017D1 /* CounterFeatureTests.swift */; };
		542367372C8CC69800B017D1 /* NumberFactClient.swift in Sources */ = {isa = PBXBuildFile; fileRef = 542367362C8CC69800B017D1 /* NumberFactClient.swift */; };
		5423673A2C8CE44B00B017D1 /* AppFeature.swift in Sources */ = {isa = PBXBuildFile; fileRef = 542367392C8CE44B00B017D1 /* AppFeature.swift */; };
		5423673C2C8DF4E900B017D1 /* CounterView.swift in Sources */ = {isa = PBXBuildFile; fileRef = 5423673B2C8DF4E900B017D1 /* CounterView.swift */; };
		5423673E2C8E2C1D00B017D1 /* AppFeatureTests.swift in Sources */ = {isa = PBXBuildFile; fileRef = 5423673D2C8E2C1D00B017D1 /* AppFeatureTests.swift */; };
		54B44FB52C7F53FB006B7E52 /* GettingStartedWithTCAApp.swift in Sources */ = {isa = PBXBuildFile; fileRef = 54B44FB42C7F53FB006B7E52 /* GettingStartedWithTCAApp.swift */; };
		54B44FB72C7F53FB006B7E52 /* ContentView.swift in Sources */ = {isa = PBXBuildFile; fileRef = 54B44FB62C7F53FB006B7E52 /* ContentView.swift */; };
		54B44FB92C7F53FC006B7E52 /* Assets.xcassets in Resources */ = {isa = PBXBuildFile; fileRef = 54B44FB82C7F53FC006B7E52 /* Assets.xcassets */; };
		54B44FBC2C7F53FC006B7E52 /* Preview Assets.xcassets in Resources */ = {isa = PBXBuildFile; fileRef = 54B44FBB2C7F53FC006B7E52 /* Preview Assets.xcassets */; };
		54B44FC62C7F53FC006B7E52 /* GettingStartedWithTCATests.swift in Sources */ = {isa = PBXBuildFile; fileRef = 54B44FC52C7F53FC006B7E52 /* GettingStartedWithTCATests.swift */; };
		54B44FD02C7F53FC006B7E52 /* GettingStartedWithTCAUITests.swift in Sources */ = {isa = PBXBuildFile; fileRef = 54B44FCF2C7F53FC006B7E52 /* GettingStartedWithTCAUITests.swift */; };
		54B44FD22C7F53FC006B7E52 /* GettingStartedWithTCAUITestsLaunchTests.swift in Sources */ = {isa = PBXBuildFile; fileRef = 54B44FD12C7F53FC006B7E52 /* GettingStartedWithTCAUITestsLaunchTests.swift */; };
		54B44FE22C7FD61A006B7E52 /* CounterFeature.swift in Sources */ = {isa = PBXBuildFile; fileRef = 54B44FE12C7FD61A006B7E52 /* CounterFeature.swift */; };
		EB17B3CD2C81FB0900FDB5AC /* ComposableArchitecture in Frameworks */ = {isa = PBXBuildFile; productRef = EB17B3CC2C81FB0900FDB5AC /* ComposableArchitecture */; };
/* End PBXBuildFile section */

/* Begin PBXContainerItemProxy section */
		54B44FC22C7F53FC006B7E52 /* PBXContainerItemProxy */ = {
			isa = PBXContainerItemProxy;
			containerPortal = 54B44FA92C7F53FB006B7E52 /* Project object */;
			proxyType = 1;
			remoteGlobalIDString = 54B44FB02C7F53FB006B7E52;
			remoteInfo = GettingStartedWithTCA;
		};
		54B44FCC2C7F53FC006B7E52 /* PBXContainerItemProxy */ = {
			isa = PBXContainerItemProxy;
			containerPortal = 54B44FA92C7F53FB006B7E52 /* Project object */;
			proxyType = 1;
			remoteGlobalIDString = 54B44FB02C7F53FB006B7E52;
			remoteInfo = GettingStartedWithTCA;
		};
/* End PBXContainerItemProxy section */

/* Begin PBXFileReference section */
		542367342C8A24F200B017D1 /* CounterFeatureTests.swift */ = {isa = PBXFileReference; lastKnownFileType = sourcecode.swift; path = CounterFeatureTests.swift; sourceTree = "<group>"; };
		542367362C8CC69800B017D1 /* NumberFactClient.swift */ = {isa = PBXFileReference; lastKnownFileType = sourcecode.swift; path = NumberFactClient.swift; sourceTree = "<group>"; };
		542367392C8CE44B00B017D1 /* AppFeature.swift */ = {isa = PBXFileReference; lastKnownFileType = sourcecode.swift; path = AppFeature.swift; sourceTree = "<group>"; };
		5423673B2C8DF4E900B017D1 /* CounterView.swift */ = {isa = PBXFileReference; lastKnownFileType = sourcecode.swift; path = CounterView.swift; sourceTree = "<group>"; };
		5423673D2C8E2C1D00B017D1 /* AppFeatureTests.swift */ = {isa = PBXFileReference; lastKnownFileType = sourcecode.swift; path = AppFeatureTests.swift; sourceTree = "<group>"; };
		54B44FB12C7F53FB006B7E52 /* GettingStartedWithTCA.app */ = {isa = PBXFileReference; explicitFileType = wrapper.application; includeInIndex = 0; path = GettingStartedWithTCA.app; sourceTree = BUILT_PRODUCTS_DIR; };
		54B44FB42C7F53FB006B7E52 /* GettingStartedWithTCAApp.swift */ = {isa = PBXFileReference; lastKnownFileType = sourcecode.swift; path = GettingStartedWithTCAApp.swift; sourceTree = "<group>"; };
		54B44FB62C7F53FB006B7E52 /* ContentView.swift */ = {isa = PBXFileReference; lastKnownFileType = sourcecode.swift; path = ContentView.swift; sourceTree = "<group>"; };
		54B44FB82C7F53FC006B7E52 /* Assets.xcassets */ = {isa = PBXFileReference; lastKnownFileType = folder.assetcatalog; path = Assets.xcassets; sourceTree = "<group>"; };
		54B44FBB2C7F53FC006B7E52 /* Preview Assets.xcassets */ = {isa = PBXFileReference; lastKnownFileType = folder.assetcatalog; path = "Preview Assets.xcassets"; sourceTree = "<group>"; };
		54B44FC12C7F53FC006B7E52 /* GettingStartedWithTCATests.xctest */ = {isa = PBXFileReference; explicitFileType = wrapper.cfbundle; includeInIndex = 0; path = GettingStartedWithTCATests.xctest; sourceTree = BUILT_PRODUCTS_DIR; };
		54B44FC52C7F53FC006B7E52 /* GettingStartedWithTCATests.swift */ = {isa = PBXFileReference; lastKnownFileType = sourcecode.swift; path = GettingStartedWithTCATests.swift; sourceTree = "<group>"; };
		54B44FCB2C7F53FC006B7E52 /* GettingStartedWithTCAUITests.xctest */ = {isa = PBXFileReference; explicitFileType = wrapper.cfbundle; includeInIndex = 0; path = GettingStartedWithTCAUITests.xctest; sourceTree = BUILT_PRODUCTS_DIR; };
		54B44FCF2C7F53FC006B7E52 /* GettingStartedWithTCAUITests.swift */ = {isa = PBXFileReference; lastKnownFileType = sourcecode.swift; path = GettingStartedWithTCAUITests.swift; sourceTree = "<group>"; };
		54B44FD12C7F53FC006B7E52 /* GettingStartedWithTCAUITestsLaunchTests.swift */ = {isa = PBXFileReference; lastKnownFileType = sourcecode.swift; path = GettingStartedWithTCAUITestsLaunchTests.swift; sourceTree = "<group>"; };
		54B44FE12C7FD61A006B7E52 /* CounterFeature.swift */ = {isa = PBXFileReference; lastKnownFileType = sourcecode.swift; path = CounterFeature.swift; sourceTree = "<group>"; };
		54B44FE32C88F214006B7E52 /* Info.plist */ = {isa = PBXFileReference; lastKnownFileType = text.plist; path = Info.plist; sourceTree = "<group>"; };
/* End PBXFileReference section */

/* Begin PBXFrameworksBuildPhase section */
		54B44FAE2C7F53FB006B7E52 /* Frameworks */ = {
			isa = PBXFrameworksBuildPhase;
			buildActionMask = 2147483647;
			files = (
				EB17B3CD2C81FB0900FDB5AC /* ComposableArchitecture in Frameworks */,
			);
			runOnlyForDeploymentPostprocessing = 0;
		};
		54B44FBE2C7F53FC006B7E52 /* Frameworks */ = {
			isa = PBXFrameworksBuildPhase;
			buildActionMask = 2147483647;
			files = (
			);
			runOnlyForDeploymentPostprocessing = 0;
		};
		54B44FC82C7F53FC006B7E52 /* Frameworks */ = {
			isa = PBXFrameworksBuildPhase;
			buildActionMask = 2147483647;
			files = (
			);
			runOnlyForDeploymentPostprocessing = 0;
		};
/* End PBXFrameworksBuildPhase section */

/* Begin PBXGroup section */
		54B44FA82C7F53FB006B7E52 = {
			isa = PBXGroup;
			children = (
				54B44FB32C7F53FB006B7E52 /* GettingStartedWithTCA */,
				54B44FC42C7F53FC006B7E52 /* GettingStartedWithTCATests */,
				54B44FCE2C7F53FC006B7E52 /* GettingStartedWithTCAUITests */,
				54B44FB22C7F53FB006B7E52 /* Products */,
			);
			sourceTree = "<group>";
		};
		54B44FB22C7F53FB006B7E52 /* Products */ = {
			isa = PBXGroup;
			children = (
				54B44FB12C7F53FB006B7E52 /* GettingStartedWithTCA.app */,
				54B44FC12C7F53FC006B7E52 /* GettingStartedWithTCATests.xctest */,
				54B44FCB2C7F53FC006B7E52 /* GettingStartedWithTCAUITests.xctest */,
			);
			name = Products;
			sourceTree = "<group>";
		};
		54B44FB32C7F53FB006B7E52 /* GettingStartedWithTCA */ = {
			isa = PBXGroup;
			children = (
				54B44FE32C88F214006B7E52 /* Info.plist */,
				54B44FB42C7F53FB006B7E52 /* GettingStartedWithTCAApp.swift */,
				54B44FB62C7F53FB006B7E52 /* ContentView.swift */,
				54B44FB82C7F53FC006B7E52 /* Assets.xcassets */,
				54B44FBA2C7F53FC006B7E52 /* Preview Content */,
				54B44FE12C7FD61A006B7E52 /* CounterFeature.swift */,
				542367362C8CC69800B017D1 /* NumberFactClient.swift */,
				542367392C8CE44B00B017D1 /* AppFeature.swift */,
				5423673B2C8DF4E900B017D1 /* CounterView.swift */,
			);
			path = GettingStartedWithTCA;
			sourceTree = "<group>";
		};
		54B44FBA2C7F53FC006B7E52 /* Preview Content */ = {
			isa = PBXGroup;
			children = (
				54B44FBB2C7F53FC006B7E52 /* Preview Assets.xcassets */,
			);
			path = "Preview Content";
			sourceTree = "<group>";
		};
		54B44FC42C7F53FC006B7E52 /* GettingStartedWithTCATests */ = {
			isa = PBXGroup;
			children = (
				54B44FC52C7F53FC006B7E52 /* GettingStartedWithTCATests.swift */,
				542367342C8A24F200B017D1 /* CounterFeatureTests.swift */,
				5423673D2C8E2C1D00B017D1 /* AppFeatureTests.swift */,
			);
			path = GettingStartedWithTCATests;
			sourceTree = "<group>";
		};
		54B44FCE2C7F53FC006B7E52 /* GettingStartedWithTCAUITests */ = {
			isa = PBXGroup;
			children = (
				54B44FCF2C7F53FC006B7E52 /* GettingStartedWithTCAUITests.swift */,
				54B44FD12C7F53FC006B7E52 /* GettingStartedWithTCAUITestsLaunchTests.swift */,
			);
			path = GettingStartedWithTCAUITests;
			sourceTree = "<group>";
		};
/* End PBXGroup section */

/* Begin PBXNativeTarget section */
		54B44FB02C7F53FB006B7E52 /* GettingStartedWithTCA */ = {
			isa = PBXNativeTarget;
			buildConfigurationList = 54B44FD52C7F53FC006B7E52 /* Build configuration list for PBXNativeTarget "GettingStartedWithTCA" */;
			buildPhases = (
				54B44FAD2C7F53FB006B7E52 /* Sources */,
				54B44FAE2C7F53FB006B7E52 /* Frameworks */,
				54B44FAF2C7F53FB006B7E52 /* Resources */,
			);
			buildRules = (
			);
			dependencies = (
			);
			name = GettingStartedWithTCA;
			packageProductDependencies = (
				EB17B3CC2C81FB0900FDB5AC /* ComposableArchitecture */,
			);
			productName = GettingStartedWithTCA;
			productReference = 54B44FB12C7F53FB006B7E52 /* GettingStartedWithTCA.app */;
			productType = "com.apple.product-type.application";
		};
		54B44FC02C7F53FC006B7E52 /* GettingStartedWithTCATests */ = {
			isa = PBXNativeTarget;
			buildConfigurationList = 54B44FD82C7F53FC006B7E52 /* Build configuration list for PBXNativeTarget "GettingStartedWithTCATests" */;
			buildPhases = (
				54B44FBD2C7F53FC006B7E52 /* Sources */,
				54B44FBE2C7F53FC006B7E52 /* Frameworks */,
				54B44FBF2C7F53FC006B7E52 /* Resources */,
			);
			buildRules = (
			);
			dependencies = (
				54B44FC32C7F53FC006B7E52 /* PBXTargetDependency */,
			);
			name = GettingStartedWithTCATests;
			productName = GettingStartedWithTCATests;
			productReference = 54B44FC12C7F53FC006B7E52 /* GettingStartedWithTCATests.xctest */;
			productType = "com.apple.product-type.bundle.unit-test";
		};
		54B44FCA2C7F53FC006B7E52 /* GettingStartedWithTCAUITests */ = {
			isa = PBXNativeTarget;
			buildConfigurationList = 54B44FDB2C7F53FC006B7E52 /* Build configuration list for PBXNativeTarget "GettingStartedWithTCAUITests" */;
			buildPhases = (
				54B44FC72C7F53FC006B7E52 /* Sources */,
				54B44FC82C7F53FC006B7E52 /* Frameworks */,
				54B44FC92C7F53FC006B7E52 /* Resources */,
			);
			buildRules = (
			);
			dependencies = (
				54B44FCD2C7F53FC006B7E52 /* PBXTargetDependency */,
			);
			name = GettingStartedWithTCAUITests;
			productName = GettingStartedWithTCAUITests;
			productReference = 54B44FCB2C7F53FC006B7E52 /* GettingStartedWithTCAUITests.xctest */;
			productType = "com.apple.product-type.bundle.ui-testing";
		};
/* End PBXNativeTarget section */

/* Begin PBXProject section */
		54B44FA92C7F53FB006B7E52 /* Project object */ = {
			isa = PBXProject;
			attributes = {
				BuildIndependentTargetsInParallel = 1;
				LastSwiftUpdateCheck = 1540;
				LastUpgradeCheck = 1540;
				TargetAttributes = {
					54B44FB02C7F53FB006B7E52 = {
						CreatedOnToolsVersion = 15.4;
					};
					54B44FC02C7F53FC006B7E52 = {
						CreatedOnToolsVersion = 15.4;
						TestTargetID = 54B44FB02C7F53FB006B7E52;
					};
					54B44FCA2C7F53FC006B7E52 = {
						CreatedOnToolsVersion = 15.4;
						TestTargetID = 54B44FB02C7F53FB006B7E52;
					};
				};
			};
			buildConfigurationList = 54B44FAC2C7F53FB006B7E52 /* Build configuration list for PBXProject "GettingStartedWithTCA" */;
			compatibilityVersion = "Xcode 14.0";
			developmentRegion = en;
			hasScannedForEncodings = 0;
			knownRegions = (
				en,
				Base,
			);
			mainGroup = 54B44FA82C7F53FB006B7E52;
			packageReferences = (
				EB17B3CB2C81FB0900FDB5AC /* XCRemoteSwiftPackageReference "swift-composable-architecture" */,
			);
			productRefGroup = 54B44FB22C7F53FB006B7E52 /* Products */;
			projectDirPath = "";
			projectRoot = "";
			targets = (
				54B44FB02C7F53FB006B7E52 /* GettingStartedWithTCA */,
				54B44FC02C7F53FC006B7E52 /* GettingStartedWithTCATests */,
				54B44FCA2C7F53FC006B7E52 /* GettingStartedWithTCAUITests */,
			);
		};
/* End PBXProject section */

/* Begin PBXResourcesBuildPhase section */
		54B44FAF2C7F53FB006B7E52 /* Resources */ = {
			isa = PBXResourcesBuildPhase;
			buildActionMask = 2147483647;
			files = (
				54B44FBC2C7F53FC006B7E52 /* Preview Assets.xcassets in Resources */,
				54B44FB92C7F53FC006B7E52 /* Assets.xcassets in Resources */,
			);
			runOnlyForDeploymentPostprocessing = 0;
		};
		54B44FBF2C7F53FC006B7E52 /* Resources */ = {
			isa = PBXResourcesBuildPhase;
			buildActionMask = 2147483647;
			files = (
			);
			runOnlyForDeploymentPostprocessing = 0;
		};
		54B44FC92C7F53FC006B7E52 /* Resources */ = {
			isa = PBXResourcesBuildPhase;
			buildActionMask = 2147483647;
			files = (
			);
			runOnlyForDeploymentPostprocessing = 0;
		};
/* End PBXResourcesBuildPhase section */

/* Begin PBXSourcesBuildPhase section */
		54B44FAD2C7F53FB006B7E52 /* Sources */ = {
			isa = PBXSourcesBuildPhase;
			buildActionMask = 2147483647;
			files = (
				54B44FE22C7FD61A006B7E52 /* CounterFeature.swift in Sources */,
				5423673A2C8CE44B00B017D1 /* AppFeature.swift in Sources */,
				54B44FB72C7F53FB006B7E52 /* ContentView.swift in Sources */,
				54B44FB52C7F53FB006B7E52 /* GettingStartedWithTCAApp.swift in Sources */,
				542367372C8CC69800B017D1 /* NumberFactClient.swift in Sources */,
				5423673C2C8DF4E900B017D1 /* CounterView.swift in Sources */,
			);
			runOnlyForDeploymentPostprocessing = 0;
		};
		54B44FBD2C7F53FC006B7E52 /* Sources */ = {
			isa = PBXSourcesBuildPhase;
			buildActionMask = 2147483647;
			files = (
				54B44FC62C7F53FC006B7E52 /* GettingStartedWithTCATests.swift in Sources */,
				542367352C8A24F200B017D1 /* CounterFeatureTests.swift in Sources */,
				5423673E2C8E2C1D00B017D1 /* AppFeatureTests.swift in Sources */,
			);
			runOnlyForDeploymentPostprocessing = 0;
		};
		54B44FC72C7F53FC006B7E52 /* Sources */ = {
			isa = PBXSourcesBuildPhase;
			buildActionMask = 2147483647;
			files = (
				54B44FD22C7F53FC006B7E52 /* GettingStartedWithTCAUITestsLaunchTests.swift in Sources */,
				54B44FD02C7F53FC006B7E52 /* GettingStartedWithTCAUITests.swift in Sources */,
			);
			runOnlyForDeploymentPostprocessing = 0;
		};
/* End PBXSourcesBuildPhase section */

/* Begin PBXTargetDependency section */
		54B44FC32C7F53FC006B7E52 /* PBXTargetDependency */ = {
			isa = PBXTargetDependency;
			target = 54B44FB02C7F53FB006B7E52 /* GettingStartedWithTCA */;
			targetProxy = 54B44FC22C7F53FC006B7E52 /* PBXContainerItemProxy */;
		};
		54B44FCD2C7F53FC006B7E52 /* PBXTargetDependency */ = {
			isa = PBXTargetDependency;
			target = 54B44FB02C7F53FB006B7E52 /* GettingStartedWithTCA */;
			targetProxy = 54B44FCC2C7F53FC006B7E52 /* PBXContainerItemProxy */;
		};
/* End PBXTargetDependency section */

/* Begin XCBuildConfiguration section */
		54B44FD32C7F53FC006B7E52 /* Debug */ = {
			isa = XCBuildConfiguration;
			buildSettings = {
				ALWAYS_SEARCH_USER_PATHS = NO;
				ASSETCATALOG_COMPILER_GENERATE_SWIFT_ASSET_SYMBOL_EXTENSIONS = YES;
				CLANG_ANALYZER_NONNULL = YES;
				CLANG_ANALYZER_NUMBER_OBJECT_CONVERSION = YES_AGGRESSIVE;
				CLANG_CXX_LANGUAGE_STANDARD = "gnu++20";
				CLANG_ENABLE_MODULES = YES;
				CLANG_ENABLE_OBJC_ARC = YES;
				CLANG_ENABLE_OBJC_WEAK = YES;
				CLANG_WARN_BLOCK_CAPTURE_AUTORELEASING = YES;
				CLANG_WARN_BOOL_CONVERSION = YES;
				CLANG_WARN_COMMA = YES;
				CLANG_WARN_CONSTANT_CONVERSION = YES;
				CLANG_WARN_DEPRECATED_OBJC_IMPLEMENTATIONS = YES;
				CLANG_WARN_DIRECT_OBJC_ISA_USAGE = YES_ERROR;
				CLANG_WARN_DOCUMENTATION_COMMENTS = YES;
				CLANG_WARN_EMPTY_BODY = YES;
				CLANG_WARN_ENUM_CONVERSION = YES;
				CLANG_WARN_INFINITE_RECURSION = YES;
				CLANG_WARN_INT_CONVERSION = YES;
				CLANG_WARN_NON_LITERAL_NULL_CONVERSION = YES;
				CLANG_WARN_OBJC_IMPLICIT_RETAIN_SELF = YES;
				CLANG_WARN_OBJC_LITERAL_CONVERSION = YES;
				CLANG_WARN_OBJC_ROOT_CLASS = YES_ERROR;
				CLANG_WARN_QUOTED_INCLUDE_IN_FRAMEWORK_HEADER = YES;
				CLANG_WARN_RANGE_LOOP_ANALYSIS = YES;
				CLANG_WARN_STRICT_PROTOTYPES = YES;
				CLANG_WARN_SUSPICIOUS_MOVE = YES;
				CLANG_WARN_UNGUARDED_AVAILABILITY = YES_AGGRESSIVE;
				CLANG_WARN_UNREACHABLE_CODE = YES;
				CLANG_WARN__DUPLICATE_METHOD_MATCH = YES;
				COPY_PHASE_STRIP = NO;
				DEBUG_INFORMATION_FORMAT = dwarf;
				ENABLE_STRICT_OBJC_MSGSEND = YES;
				ENABLE_TESTABILITY = YES;
				ENABLE_USER_SCRIPT_SANDBOXING = YES;
				GCC_C_LANGUAGE_STANDARD = gnu17;
				GCC_DYNAMIC_NO_PIC = NO;
				GCC_NO_COMMON_BLOCKS = YES;
				GCC_OPTIMIZATION_LEVEL = 0;
				GCC_PREPROCESSOR_DEFINITIONS = (
					"DEBUG=1",
					"$(inherited)",
				);
				GCC_WARN_64_TO_32_BIT_CONVERSION = YES;
				GCC_WARN_ABOUT_RETURN_TYPE = YES_ERROR;
				GCC_WARN_UNDECLARED_SELECTOR = YES;
				GCC_WARN_UNINITIALIZED_AUTOS = YES_AGGRESSIVE;
				GCC_WARN_UNUSED_FUNCTION = YES;
				GCC_WARN_UNUSED_VARIABLE = YES;
				IPHONEOS_DEPLOYMENT_TARGET = 17.5;
				LOCALIZATION_PREFERS_STRING_CATALOGS = YES;
				MTL_ENABLE_DEBUG_INFO = INCLUDE_SOURCE;
				MTL_FAST_MATH = YES;
				ONLY_ACTIVE_ARCH = YES;
				SDKROOT = iphoneos;
				SWIFT_ACTIVE_COMPILATION_CONDITIONS = "DEBUG $(inherited)";
				SWIFT_OPTIMIZATION_LEVEL = "-Onone";
			};
			name = Debug;
		};
		54B44FD42C7F53FC006B7E52 /* Release */ = {
			isa = XCBuildConfiguration;
			buildSettings = {
				ALWAYS_SEARCH_USER_PATHS = NO;
				ASSETCATALOG_COMPILER_GENERATE_SWIFT_ASSET_SYMBOL_EXTENSIONS = YES;
				CLANG_ANALYZER_NONNULL = YES;
				CLANG_ANALYZER_NUMBER_OBJECT_CONVERSION = YES_AGGRESSIVE;
				CLANG_CXX_LANGUAGE_STANDARD = "gnu++20";
				CLANG_ENABLE_MODULES = YES;
				CLANG_ENABLE_OBJC_ARC = YES;
				CLANG_ENABLE_OBJC_WEAK = YES;
				CLANG_WARN_BLOCK_CAPTURE_AUTORELEASING = YES;
				CLANG_WARN_BOOL_CONVERSION = YES;
				CLANG_WARN_COMMA = YES;
				CLANG_WARN_CONSTANT_CONVERSION = YES;
				CLANG_WARN_DEPRECATED_OBJC_IMPLEMENTATIONS = YES;
				CLANG_WARN_DIRECT_OBJC_ISA_USAGE = YES_ERROR;
				CLANG_WARN_DOCUMENTATION_COMMENTS = YES;
				CLANG_WARN_EMPTY_BODY = YES;
				CLANG_WARN_ENUM_CONVERSION = YES;
				CLANG_WARN_INFINITE_RECURSION = YES;
				CLANG_WARN_INT_CONVERSION = YES;
				CLANG_WARN_NON_LITERAL_NULL_CONVERSION = YES;
				CLANG_WARN_OBJC_IMPLICIT_RETAIN_SELF = YES;
				CLANG_WARN_OBJC_LITERAL_CONVERSION = YES;
				CLANG_WARN_OBJC_ROOT_CLASS = YES_ERROR;
				CLANG_WARN_QUOTED_INCLUDE_IN_FRAMEWORK_HEADER = YES;
				CLANG_WARN_RANGE_LOOP_ANALYSIS = YES;
				CLANG_WARN_STRICT_PROTOTYPES = YES;
				CLANG_WARN_SUSPICIOUS_MOVE = YES;
				CLANG_WARN_UNGUARDED_AVAILABILITY = YES_AGGRESSIVE;
				CLANG_WARN_UNREACHABLE_CODE = YES;
				CLANG_WARN__DUPLICATE_METHOD_MATCH = YES;
				COPY_PHASE_STRIP = NO;
				DEBUG_INFORMATION_FORMAT = "dwarf-with-dsym";
				ENABLE_NS_ASSERTIONS = NO;
				ENABLE_STRICT_OBJC_MSGSEND = YES;
				ENABLE_USER_SCRIPT_SANDBOXING = YES;
				GCC_C_LANGUAGE_STANDARD = gnu17;
				GCC_NO_COMMON_BLOCKS = YES;
				GCC_WARN_64_TO_32_BIT_CONVERSION = YES;
				GCC_WARN_ABOUT_RETURN_TYPE = YES_ERROR;
				GCC_WARN_UNDECLARED_SELECTOR = YES;
				GCC_WARN_UNINITIALIZED_AUTOS = YES_AGGRESSIVE;
				GCC_WARN_UNUSED_FUNCTION = YES;
				GCC_WARN_UNUSED_VARIABLE = YES;
				IPHONEOS_DEPLOYMENT_TARGET = 17.5;
				LOCALIZATION_PREFERS_STRING_CATALOGS = YES;
				MTL_ENABLE_DEBUG_INFO = NO;
				MTL_FAST_MATH = YES;
				SDKROOT = iphoneos;
				SWIFT_COMPILATION_MODE = wholemodule;
				VALIDATE_PRODUCT = YES;
			};
			name = Release;
		};
		54B44FD62C7F53FC006B7E52 /* Debug */ = {
			isa = XCBuildConfiguration;
			buildSettings = {
				ASSETCATALOG_COMPILER_APPICON_NAME = AppIcon;
				ASSETCATALOG_COMPILER_GLOBAL_ACCENT_COLOR_NAME = AccentColor;
				CODE_SIGN_STYLE = Automatic;
				CURRENT_PROJECT_VERSION = 1;
				DEVELOPMENT_ASSET_PATHS = "\"GettingStartedWithTCA/Preview Content\"";
				DEVELOPMENT_TEAM = "";
				ENABLE_PREVIEWS = YES;
				GENERATE_INFOPLIST_FILE = YES;
				INFOPLIST_FILE = GettingStartedWithTCA/Info.plist;
				INFOPLIST_KEY_UIApplicationSceneManifest_Generation = YES;
				INFOPLIST_KEY_UIApplicationSupportsIndirectInputEvents = YES;
				INFOPLIST_KEY_UILaunchScreen_Generation = YES;
				INFOPLIST_KEY_UISupportedInterfaceOrientations_iPad = "UIInterfaceOrientationPortrait UIInterfaceOrientationPortraitUpsideDown UIInterfaceOrientationLandscapeLeft UIInterfaceOrientationLandscapeRight";
				INFOPLIST_KEY_UISupportedInterfaceOrientations_iPhone = "UIInterfaceOrientationPortrait UIInterfaceOrientationLandscapeLeft UIInterfaceOrientationLandscapeRight";
				LD_RUNPATH_SEARCH_PATHS = (
					"$(inherited)",
					"@executable_path/Frameworks",
				);
				MARKETING_VERSION = 1.0;
				PRODUCT_BUNDLE_IDENTIFIER = serhan.khan.GettingStartedWithTCA;
				PRODUCT_NAME = "$(TARGET_NAME)";
				SWIFT_EMIT_LOC_STRINGS = YES;
				SWIFT_VERSION = 5.0;
				TARGETED_DEVICE_FAMILY = "1,2";
			};
			name = Debug;
		};
		54B44FD72C7F53FC006B7E52 /* Release */ = {
			isa = XCBuildConfiguration;
			buildSettings = {
				ASSETCATALOG_COMPILER_APPICON_NAME = AppIcon;
				ASSETCATALOG_COMPILER_GLOBAL_ACCENT_COLOR_NAME = AccentColor;
				CODE_SIGN_STYLE = Automatic;
				CURRENT_PROJECT_VERSION = 1;
				DEVELOPMENT_ASSET_PATHS = "\"GettingStartedWithTCA/Preview Content\"";
				DEVELOPMENT_TEAM = "";
				ENABLE_PREVIEWS = YES;
				GENERATE_INFOPLIST_FILE = YES;
				INFOPLIST_FILE = GettingStartedWithTCA/Info.plist;
				INFOPLIST_KEY_UIApplicationSceneManifest_Generation = YES;
				INFOPLIST_KEY_UIApplicationSupportsIndirectInputEvents = YES;
				INFOPLIST_KEY_UILaunchScreen_Generation = YES;
				INFOPLIST_KEY_UISupportedInterfaceOrientations_iPad = "UIInterfaceOrientationPortrait UIInterfaceOrientationPortraitUpsideDown UIInterfaceOrientationLandscapeLeft UIInterfaceOrientationLandscapeRight";
				INFOPLIST_KEY_UISupportedInterfaceOrientations_iPhone = "UIInterfaceOrientationPortrait UIInterfaceOrientationLandscapeLeft UIInterfaceOrientationLandscapeRight";
				LD_RUNPATH_SEARCH_PATHS = (
					"$(inherited)",
					"@executable_path/Frameworks",
				);
				MARKETING_VERSION = 1.0;
				PRODUCT_BUNDLE_IDENTIFIER = serhan.khan.GettingStartedWithTCA;
				PRODUCT_NAME = "$(TARGET_NAME)";
				SWIFT_EMIT_LOC_STRINGS = YES;
				SWIFT_VERSION = 5.0;
				TARGETED_DEVICE_FAMILY = "1,2";
			};
			name = Release;
		};
		54B44FD92C7F53FC006B7E52 /* Debug */ = {
			isa = XCBuildConfiguration;
			buildSettings = {
				ALWAYS_EMBED_SWIFT_STANDARD_LIBRARIES = YES;
				BUNDLE_LOADER = "$(TEST_HOST)";
				CODE_SIGN_STYLE = Automatic;
				CURRENT_PROJECT_VERSION = 1;
				DEVELOPMENT_TEAM = URW7UZ7N64;
				GENERATE_INFOPLIST_FILE = YES;
				IPHONEOS_DEPLOYMENT_TARGET = 17.5;
				MARKETING_VERSION = 1.0;
				PRODUCT_BUNDLE_IDENTIFIER = serhan.khan.GettingStartedWithTCATests;
				PRODUCT_NAME = "$(TARGET_NAME)";
				SWIFT_EMIT_LOC_STRINGS = NO;
				SWIFT_VERSION = 5.0;
				TARGETED_DEVICE_FAMILY = "1,2";
				TEST_HOST = "$(BUILT_PRODUCTS_DIR)/GettingStartedWithTCA.app/$(BUNDLE_EXECUTABLE_FOLDER_PATH)/GettingStartedWithTCA";
			};
			name = Debug;
		};
		54B44FDA2C7F53FC006B7E52 /* Release */ = {
			isa = XCBuildConfiguration;
			buildSettings = {
				ALWAYS_EMBED_SWIFT_STANDARD_LIBRARIES = YES;
				BUNDLE_LOADER = "$(TEST_HOST)";
				CODE_SIGN_STYLE = Automatic;
				CURRENT_PROJECT_VERSION = 1;
				DEVELOPMENT_TEAM = URW7UZ7N64;
				GENERATE_INFOPLIST_FILE = YES;
				IPHONEOS_DEPLOYMENT_TARGET = 17.5;
				MARKETING_VERSION = 1.0;
				PRODUCT_BUNDLE_IDENTIFIER = serhan.khan.GettingStartedWithTCATests;
				PRODUCT_NAME = "$(TARGET_NAME)";
				SWIFT_EMIT_LOC_STRINGS = NO;
				SWIFT_VERSION = 5.0;
				TARGETED_DEVICE_FAMILY = "1,2";
				TEST_HOST = "$(BUILT_PRODUCTS_DIR)/GettingStartedWithTCA.app/$(BUNDLE_EXECUTABLE_FOLDER_PATH)/GettingStartedWithTCA";
			};
			name = Release;
		};
		54B44FDC2C7F53FC006B7E52 /* Debug */ = {
			isa = XCBuildConfiguration;
			buildSettings = {
				ALWAYS_EMBED_SWIFT_STANDARD_LIBRARIES = YES;
				CODE_SIGN_STYLE = Automatic;
				CURRENT_PROJECT_VERSION = 1;
				DEVELOPMENT_TEAM = URW7UZ7N64;
				GENERATE_INFOPLIST_FILE = YES;
				MARKETING_VERSION = 1.0;
				PRODUCT_BUNDLE_IDENTIFIER = serhan.khan.GettingStartedWithTCAUITests;
				PRODUCT_NAME = "$(TARGET_NAME)";
				SWIFT_EMIT_LOC_STRINGS = NO;
				SWIFT_VERSION = 5.0;
				TARGETED_DEVICE_FAMILY = "1,2";
				TEST_TARGET_NAME = GettingStartedWithTCA;
			};
			name = Debug;
		};
		54B44FDD2C7F53FC006B7E52 /* Release */ = {
			isa = XCBuildConfiguration;
			buildSettings = {
				ALWAYS_EMBED_SWIFT_STANDARD_LIBRARIES = YES;
				CODE_SIGN_STYLE = Automatic;
				CURRENT_PROJECT_VERSION = 1;
				DEVELOPMENT_TEAM = URW7UZ7N64;
				GENERATE_INFOPLIST_FILE = YES;
				MARKETING_VERSION = 1.0;
				PRODUCT_BUNDLE_IDENTIFIER = serhan.khan.GettingStartedWithTCAUITests;
				PRODUCT_NAME = "$(TARGET_NAME)";
				SWIFT_EMIT_LOC_STRINGS = NO;
				SWIFT_VERSION = 5.0;
				TARGETED_DEVICE_FAMILY = "1,2";
				TEST_TARGET_NAME = GettingStartedWithTCA;
			};
			name = Release;
		};
/* End XCBuildConfiguration section */

/* Begin XCConfigurationList section */
		54B44FAC2C7F53FB006B7E52 /* Build configuration list for PBXProject "GettingStartedWithTCA" */ = {
			isa = XCConfigurationList;
			buildConfigurations = (
				54B44FD32C7F53FC006B7E52 /* Debug */,
				54B44FD42C7F53FC006B7E52 /* Release */,
			);
			defaultConfigurationIsVisible = 0;
			defaultConfigurationName = Release;
		};
		54B44FD52C7F53FC006B7E52 /* Build configuration list for PBXNativeTarget "GettingStartedWithTCA" */ = {
			isa = XCConfigurationList;
			buildConfigurations = (
				54B44FD62C7F53FC006B7E52 /* Debug */,
				54B44FD72C7F53FC006B7E52 /* Release */,
			);
			defaultConfigurationIsVisible = 0;
			defaultConfigurationName = Release;
		};
		54B44FD82C7F53FC006B7E52 /* Build configuration list for PBXNativeTarget "GettingStartedWithTCATests" */ = {
			isa = XCConfigurationList;
			buildConfigurations = (
				54B44FD92C7F53FC006B7E52 /* Debug */,
				54B44FDA2C7F53FC006B7E52 /* Release */,
			);
			defaultConfigurationIsVisible = 0;
			defaultConfigurationName = Release;
		};
		54B44FDB2C7F53FC006B7E52 /* Build configuration list for PBXNativeTarget "GettingStartedWithTCAUITests" */ = {
			isa = XCConfigurationList;
			buildConfigurations = (
				54B44FDC2C7F53FC006B7E52 /* Debug */,
				54B44FDD2C7F53FC006B7E52 /* Release */,
			);
			defaultConfigurationIsVisible = 0;
			defaultConfigurationName = Release;
		};
/* End XCConfigurationList section */

/* Begin XCRemoteSwiftPackageReference section */
		EB17B3CB2C81FB0900FDB5AC /* XCRemoteSwiftPackageReference "swift-composable-architecture" */ = {
			isa = XCRemoteSwiftPackageReference;
			repositoryURL = "https://github.com/pointfreeco/swift-composable-architecture";
			requirement = {
				kind = upToNextMajorVersion;
				minimumVersion = 1.14.0;
			};
		};
/* End XCRemoteSwiftPackageReference section */

/* Begin XCSwiftPackageProductDependency section */
		EB17B3CC2C81FB0900FDB5AC /* ComposableArchitecture */ = {
			isa = XCSwiftPackageProductDependency;
			package = EB17B3CB2C81FB0900FDB5AC /* XCRemoteSwiftPackageReference "swift-composable-architecture" */;
			productName = ComposableArchitecture;
		};
/* End XCSwiftPackageProductDependency section */
	};
	rootObject = 54B44FA92C7F53FB006B7E52 /* Project object */;
}
